
Microsoft Visual Studio Solution File, Format Version 12.00
# Visual Studio Version 16
VisualStudioVersion = 16.0.29806.167
MinimumVisualStudioVersion = 10.0.40219.1
Project("{9A19103F-16F7-4668-BE54-9A1E7A4F7556}") = "AspNetWebApp", "AspNetWebApp\AspNetWebApp.csproj", "{307FC830-874B-49FD-BC89-272ED5D07AEC}"
EndProject
Project("{FAE04EC0-301F-11D3-BF4B-00C04F79EFBC}") = "WpfApp1", "WpfApp1\WpfApp1.csproj", "{3DDBEEAA-B659-4BDA-B933-BDC4456C681B}"
EndProject
Project("{FAE04EC0-301F-11D3-BF4B-00C04F79EFBC}") = "ServerControlUI", "ServerControlUI\ServerControlUI.csproj", "{0BD7F3A7-0C35-4D4C-9C9D-ED480316D237}"
EndProject
Project("{FAE04EC0-301F-11D3-BF4B-00C04F79EFBC}") = "ServerBackEnd", "ServerBackEnd\ServerBackEnd.csproj", "{B657B458-EB95-4FEF-99C2-E5350578F585}"
EndProject
Global
	GlobalSection(SolutionConfigurationPlatforms) = preSolution
		Debug|Any CPU = Debug|Any CPU
		Release|Any CPU = Release|Any CPU
	EndGlobalSection
	GlobalSection(ProjectConfigurationPlatforms) = postSolution
		{307FC830-874B-49FD-BC89-272ED5D07AEC}.Debug|Any CPU.ActiveCfg = Debug|Any CPU
		{307FC830-874B-49FD-BC89-272ED5D07AEC}.Debug|Any CPU.Build.0 = Debug|Any CPU
		{307FC830-874B-49FD-BC89-272ED5D07AEC}.Release|Any CPU.ActiveCfg = Release|Any CPU
		{307FC830-874B-49FD-BC89-272ED5D07AEC}.Release|Any CPU.Build.0 = Release|Any CPU
		{3DDBEEAA-B659-4BDA-B933-BDC4456C681B}.Debug|Any CPU.ActiveCfg = Debug|Any CPU
		{3DDBEEAA-B659-4BDA-B933-BDC4456C681B}.Debug|Any CPU.Build.0 = Debug|Any CPU
		{3DDBEEAA-B659-4BDA-B933-BDC4456C681B}.Release|Any CPU.ActiveCfg = Release|Any CPU
		{3DDBEEAA-B659-4BDA-B933-BDC4456C681B}.Release|Any CPU.Build.0 = Release|Any CPU
		{0BD7F3A7-0C35-4D4C-9C9D-ED480316D237}.Debug|Any CPU.ActiveCfg = Debug|Any CPU
		{0BD7F3A7-0C35-4D4C-9C9D-ED480316D237}.Debug|Any CPU.Build.0 = Debug|Any CPU
		{0BD7F3A7-0C35-4D4C-9C9D-ED480316D237}.Release|Any CPU.ActiveCfg = Release|Any CPU
		{0BD7F3A7-0C35-4D4C-9C9D-ED480316D237}.Release|Any CPU.Build.0 = Release|Any CPU
		{B657B458-EB95-4FEF-99C2-E5350578F585}.Debug|Any CPU.ActiveCfg = Debug|Any CPU
		{B657B458-EB95-4FEF-99C2-E5350578F585}.Debug|Any CPU.Build.0 = Debug|Any CPU
		{B657B458-EB95-4FEF-99C2-E5350578F585}.Release|Any CPU.ActiveCfg = Release|Any CPU
		{B657B458-EB95-4FEF-99C2-E5350578F585}.Release|Any CPU.Build.0 = Release|Any CPU
	EndGlobalSection
	GlobalSection(SolutionProperties) = preSolution
		HideSolutionNode = FALSE
	EndGlobalSection
	GlobalSection(ExtensibilityGlobals) = postSolution
		SolutionGuid = {C178F40D-3C8A-4F95-8F48-474BC2B89E64}
	EndGlobalSection
EndGlobal
