
Microsoft Visual Studio Solution File, Format Version 12.00
# Visual Studio 15
VisualStudioVersion = 15.0.27703.2000
MinimumVisualStudioVersion = 10.0.40219.1
Project("{FAE04EC0-301F-11D3-BF4B-00C04F79EFBC}") = "DatabaseEntityFramework", "DatabaseEntityFramework\DatabaseEntityFramework.csproj", "{02053D5F-4B63-4EB2-B9AC-D75945BE45BD}"
EndProject
Global
	GlobalSection(SolutionConfigurationPlatforms) = preSolution
		Debug|Any CPU = Debug|Any CPU
		Release|Any CPU = Release|Any CPU
	EndGlobalSection
	GlobalSection(ProjectConfigurationPlatforms) = postSolution
		{02053D5F-4B63-4EB2-B9AC-D75945BE45BD}.Debug|Any CPU.ActiveCfg = Debug|Any CPU
		{02053D5F-4B63-4EB2-B9AC-D75945BE45BD}.Debug|Any CPU.Build.0 = Debug|Any CPU
		{02053D5F-4B63-4EB2-B9AC-D75945BE45BD}.Release|Any CPU.ActiveCfg = Release|Any CPU
		{02053D5F-4B63-4EB2-B9AC-D75945BE45BD}.Release|Any CPU.Build.0 = Release|Any CPU
	EndGlobalSection
	GlobalSection(SolutionProperties) = preSolution
		HideSolutionNode = FALSE
	EndGlobalSection
	GlobalSection(ExtensibilityGlobals) = postSolution
		SolutionGuid = {FD546AD1-D91E-4952-B71D-46C22AF8AE15}
	EndGlobalSection
EndGlobal
